// !$*UTF8*$!
{
	archiveVersion = 1;
	classes = {
	};
	objectVersion = 50;
	objects = {

/* Begin PBXBuildFile section */
		55B1086D2400152D004BD7E0 /* AppDelegate.swift in Sources */ = {isa = PBXBuildFile; fileRef = 55B1086C2400152D004BD7E0 /* AppDelegate.swift */; };
		55B1086F2400152D004BD7E0 /* SceneDelegate.swift in Sources */ = {isa = PBXBuildFile; fileRef = 55B1086E2400152D004BD7E0 /* SceneDelegate.swift */; };
		55B108712400152D004BD7E0 /* ViewController.swift in Sources */ = {isa = PBXBuildFile; fileRef = 55B108702400152D004BD7E0 /* ViewController.swift */; };
		55B108742400152D004BD7E0 /* Main.storyboard in Resources */ = {isa = PBXBuildFile; fileRef = 55B108722400152D004BD7E0 /* Main.storyboard */; };
		55B108762400152F004BD7E0 /* Assets.xcassets in Resources */ = {isa = PBXBuildFile; fileRef = 55B108752400152F004BD7E0 /* Assets.xcassets */; };
		55B108792400152F004BD7E0 /* LaunchScreen.storyboard in Resources */ = {isa = PBXBuildFile; fileRef = 55B108772400152F004BD7E0 /* LaunchScreen.storyboard */; };
		55B1088A24001571004BD7E0 /* virus6.jpg in Resources */ = {isa = PBXBuildFile; fileRef = 55B1088024001571004BD7E0 /* virus6.jpg */; };
		55B1088B24001571004BD7E0 /* virus7.jpg in Resources */ = {isa = PBXBuildFile; fileRef = 55B1088124001571004BD7E0 /* virus7.jpg */; };
		55B1088C24001571004BD7E0 /* virus3.jpg in Resources */ = {isa = PBXBuildFile; fileRef = 55B1088224001571004BD7E0 /* virus3.jpg */; };
		55B1088D24001571004BD7E0 /* virus2.jpg in Resources */ = {isa = PBXBuildFile; fileRef = 55B1088324001571004BD7E0 /* virus2.jpg */; };
		55B1088E24001571004BD7E0 /* virus4.jpg in Resources */ = {isa = PBXBuildFile; fileRef = 55B1088424001571004BD7E0 /* virus4.jpg */; };
		55B1088F24001571004BD7E0 /* virus8.jpg in Resources */ = {isa = PBXBuildFile; fileRef = 55B1088524001571004BD7E0 /* virus8.jpg */; };
		55B1089024001571004BD7E0 /* virus1.jpg in Resources */ = {isa = PBXBuildFile; fileRef = 55B1088624001571004BD7E0 /* virus1.jpg */; };
		55B1089124001571004BD7E0 /* virus5.jpg in Resources */ = {isa = PBXBuildFile; fileRef = 55B1088724001571004BD7E0 /* virus5.jpg */; };
		55B1089224001571004BD7E0 /* virus10.jpg in Resources */ = {isa = PBXBuildFile; fileRef = 55B1088824001571004BD7E0 /* virus10.jpg */; };
		55B1089324001571004BD7E0 /* virus9.jpg in Resources */ = {isa = PBXBuildFile; fileRef = 55B1088924001571004BD7E0 /* virus9.jpg */; };
/* End PBXBuildFile section */

/* Begin PBXFileReference section */
		55B108692400152D004BD7E0 /* VirusViewer.app */ = {isa = PBXFileReference; explicitFileType = wrapper.application; includeInIndex = 0; path = VirusViewer.app; sourceTree = BUILT_PRODUCTS_DIR; };
		55B1086C2400152D004BD7E0 /* AppDelegate.swift */ = {isa = PBXFileReference; lastKnownFileType = sourcecode.swift; path = AppDelegate.swift; sourceTree = "<group>"; };
		55B1086E2400152D004BD7E0 /* SceneDelegate.swift */ = {isa = PBXFileReference; lastKnownFileType = sourcecode.swift; path = SceneDelegate.swift; sourceTree = "<group>"; };
		55B108702400152D004BD7E0 /* ViewController.swift */ = {isa = PBXFileReference; lastKnownFileType = sourcecode.swift; path = ViewController.swift; sourceTree = "<group>"; };
		55B108732400152D004BD7E0 /* Base */ = {isa = PBXFileReference; lastKnownFileType = file.storyboard; name = Base; path = Base.lproj/Main.storyboard; sourceTree = "<group>"; };
		55B108752400152F004BD7E0 /* Assets.xcassets */ = {isa = PBXFileReference; lastKnownFileType = folder.assetcatalog; path = Assets.xcassets; sourceTree = "<group>"; };
		55B108782400152F004BD7E0 /* Base */ = {isa = PBXFileReference; lastKnownFileType = file.storyboard; name = Base; path = Base.lproj/LaunchScreen.storyboard; sourceTree = "<group>"; };
		55B1087A2400152F004BD7E0 /* Info.plist */ = {isa = PBXFileReference; lastKnownFileType = text.plist.xml; path = Info.plist; sourceTree = "<group>"; };
		55B1088024001571004BD7E0 /* virus6.jpg */ = {isa = PBXFileReference; lastKnownFileType = image.jpeg; name = virus6.jpg; path = ../../../../../../../../../Downloads/virusAssets/virus6.jpg; sourceTree = "<group>"; };
		55B1088124001571004BD7E0 /* virus7.jpg */ = {isa = PBXFileReference; lastKnownFileType = image.jpeg; name = virus7.jpg; path = ../../../../../../../../../Downloads/virusAssets/virus7.jpg; sourceTree = "<group>"; };
		55B1088224001571004BD7E0 /* virus3.jpg */ = {isa = PBXFileReference; lastKnownFileType = image.jpeg; name = virus3.jpg; path = ../../../../../../../../../Downloads/virusAssets/virus3.jpg; sourceTree = "<group>"; };
		55B1088324001571004BD7E0 /* virus2.jpg */ = {isa = PBXFileReference; lastKnownFileType = image.jpeg; name = virus2.jpg; path = ../../../../../../../../../Downloads/virusAssets/virus2.jpg; sourceTree = "<group>"; };
		55B1088424001571004BD7E0 /* virus4.jpg */ = {isa = PBXFileReference; lastKnownFileType = image.jpeg; name = virus4.jpg; path = ../../../../../../../../../Downloads/virusAssets/virus4.jpg; sourceTree = "<group>"; };
		55B1088524001571004BD7E0 /* virus8.jpg */ = {isa = PBXFileReference; lastKnownFileType = image.jpeg; name = virus8.jpg; path = ../../../../../../../../../Downloads/virusAssets/virus8.jpg; sourceTree = "<group>"; };
		55B1088624001571004BD7E0 /* virus1.jpg */ = {isa = PBXFileReference; lastKnownFileType = image.jpeg; name = virus1.jpg; path = ../../../../../../../../../Downloads/virusAssets/virus1.jpg; sourceTree = "<group>"; };
		55B1088724001571004BD7E0 /* virus5.jpg */ = {isa = PBXFileReference; lastKnownFileType = image.jpeg; name = virus5.jpg; path = ../../../../../../../../../Downloads/virusAssets/virus5.jpg; sourceTree = "<group>"; };
		55B1088824001571004BD7E0 /* virus10.jpg */ = {isa = PBXFileReference; lastKnownFileType = image.jpeg; name = virus10.jpg; path = ../../../../../../../../../Downloads/virusAssets/virus10.jpg; sourceTree = "<group>"; };
		55B1088924001571004BD7E0 /* virus9.jpg */ = {isa = PBXFileReference; lastKnownFileType = image.jpeg; name = virus9.jpg; path = ../../../../../../../../../Downloads/virusAssets/virus9.jpg; sourceTree = "<group>"; };
/* End PBXFileReference section */

/* Begin PBXFrameworksBuildPhase section */
		55B108662400152D004BD7E0 /* Frameworks */ = {
			isa = PBXFrameworksBuildPhase;
			buildActionMask = 2147483647;
			files = (
			);
			runOnlyForDeploymentPostprocessing = 0;
		};
/* End PBXFrameworksBuildPhase section */

/* Begin PBXGroup section */
		55B108602400152D004BD7E0 = {
			isa = PBXGroup;
			children = (
				55B1086B2400152D004BD7E0 /* VirusViewer */,
				55B1086A2400152D004BD7E0 /* Products */,
			);
			sourceTree = "<group>";
		};
		55B1086A2400152D004BD7E0 /* Products */ = {
			isa = PBXGroup;
			children = (
				55B108692400152D004BD7E0 /* VirusViewer.app */,
			);
			name = Products;
			sourceTree = "<group>";
		};
		55B1086B2400152D004BD7E0 /* VirusViewer */ = {
			isa = PBXGroup;
			children = (
				55B1086C2400152D004BD7E0 /* AppDelegate.swift */,
				55B1086E2400152D004BD7E0 /* SceneDelegate.swift */,
				55B108702400152D004BD7E0 /* ViewController.swift */,
				55B108722400152D004BD7E0 /* Main.storyboard */,
				55B108752400152F004BD7E0 /* Assets.xcassets */,
				55B1088624001571004BD7E0 /* virus1.jpg */,
				55B1088324001571004BD7E0 /* virus2.jpg */,
				55B1088224001571004BD7E0 /* virus3.jpg */,
				55B1088424001571004BD7E0 /* virus4.jpg */,
				55B1088724001571004BD7E0 /* virus5.jpg */,
				55B1088024001571004BD7E0 /* virus6.jpg */,
				55B1088124001571004BD7E0 /* virus7.jpg */,
				55B1088524001571004BD7E0 /* virus8.jpg */,
				55B1088924001571004BD7E0 /* virus9.jpg */,
				55B1088824001571004BD7E0 /* virus10.jpg */,
				55B108772400152F004BD7E0 /* LaunchScreen.storyboard */,
				55B1087A2400152F004BD7E0 /* Info.plist */,
			);
			path = VirusViewer;
			sourceTree = "<group>";
		};
/* End PBXGroup section */

/* Begin PBXNativeTarget section */
		55B108682400152D004BD7E0 /* VirusViewer */ = {
			isa = PBXNativeTarget;
			buildConfigurationList = 55B1087D2400152F004BD7E0 /* Build configuration list for PBXNativeTarget "VirusViewer" */;
			buildPhases = (
				55B108652400152D004BD7E0 /* Sources */,
				55B108662400152D004BD7E0 /* Frameworks */,
				55B108672400152D004BD7E0 /* Resources */,
			);
			buildRules = (
			);
			dependencies = (
			);
			name = VirusViewer;
			productName = VirusViewer;
			productReference = 55B108692400152D004BD7E0 /* VirusViewer.app */;
			productType = "com.apple.product-type.application";
		};
/* End PBXNativeTarget section */

/* Begin PBXProject section */
		55B108612400152D004BD7E0 /* Project object */ = {
			isa = PBXProject;
			attributes = {
				LastSwiftUpdateCheck = 1130;
				LastUpgradeCheck = 1130;
				ORGANIZATIONNAME = "Marduk Perez de Lara";
				TargetAttributes = {
					55B108682400152D004BD7E0 = {
						CreatedOnToolsVersion = 11.3.1;
					};
				};
			};
			buildConfigurationList = 55B108642400152D004BD7E0 /* Build configuration list for PBXProject "VirusViewer" */;
			compatibilityVersion = "Xcode 9.3";
			developmentRegion = en;
			hasScannedForEncodings = 0;
			knownRegions = (
				en,
				Base,
			);
			mainGroup = 55B108602400152D004BD7E0;
			productRefGroup = 55B1086A2400152D004BD7E0 /* Products */;
			projectDirPath = "";
			projectRoot = "";
			targets = (
				55B108682400152D004BD7E0 /* VirusViewer */,
			);
		};
/* End PBXProject section */

/* Begin PBXResourcesBuildPhase section */
		55B108672400152D004BD7E0 /* Resources */ = {
			isa = PBXResourcesBuildPhase;
			buildActionMask = 2147483647;
			files = (
				55B1088A24001571004BD7E0 /* virus6.jpg in Resources */,
				55B1088C24001571004BD7E0 /* virus3.jpg in Resources */,
				55B108792400152F004BD7E0 /* LaunchScreen.storyboard in Resources */,
				55B1089324001571004BD7E0 /* virus9.jpg in Resources */,
				55B1088B24001571004BD7E0 /* virus7.jpg in Resources */,
				55B1089224001571004BD7E0 /* virus10.jpg in Resources */,
				55B108762400152F004BD7E0 /* Assets.xcassets in Resources */,
				55B1089124001571004BD7E0 /* virus5.jpg in Resources */,
				55B1088D24001571004BD7E0 /* virus2.jpg in Resources */,
				55B1088E24001571004BD7E0 /* virus4.jpg in Resources */,
				55B1089024001571004BD7E0 /* virus1.jpg in Resources */,
				55B108742400152D004BD7E0 /* Main.storyboard in Resources */,
				55B1088F24001571004BD7E0 /* virus8.jpg in Resources */,
			);
			runOnlyForDeploymentPostprocessing = 0;
		};
/* End PBXResourcesBuildPhase section */

/* Begin PBXSourcesBuildPhase section */
		55B108652400152D004BD7E0 /* Sources */ = {
			isa = PBXSourcesBuildPhase;
			buildActionMask = 2147483647;
			files = (
				55B108712400152D004BD7E0 /* ViewController.swift in Sources */,
				55B1086D2400152D004BD7E0 /* AppDelegate.swift in Sources */,
				55B1086F2400152D004BD7E0 /* SceneDelegate.swift in Sources */,
			);
			runOnlyForDeploymentPostprocessing = 0;
		};
/* End PBXSourcesBuildPhase section */

/* Begin PBXVariantGroup section */
		55B108722400152D004BD7E0 /* Main.storyboard */ = {
			isa = PBXVariantGroup;
			children = (
				55B108732400152D004BD7E0 /* Base */,
			);
			name = Main.storyboard;
			sourceTree = "<group>";
		};
		55B108772400152F004BD7E0 /* LaunchScreen.storyboard */ = {
			isa = PBXVariantGroup;
			children = (
				55B108782400152F004BD7E0 /* Base */,
			);
			name = LaunchScreen.storyboard;
			sourceTree = "<group>";
		};
/* End PBXVariantGroup section */

/* Begin XCBuildConfiguration section */
		55B1087B2400152F004BD7E0 /* Debug */ = {
			isa = XCBuildConfiguration;
			buildSettings = {
				ALWAYS_SEARCH_USER_PATHS = NO;
				CLANG_ANALYZER_NONNULL = YES;
				CLANG_ANALYZER_NUMBER_OBJECT_CONVERSION = YES_AGGRESSIVE;
				CLANG_CXX_LANGUAGE_STANDARD = "gnu++14";
				CLANG_CXX_LIBRARY = "libc++";
				CLANG_ENABLE_MODULES = YES;
				CLANG_ENABLE_OBJC_ARC = YES;
				CLANG_ENABLE_OBJC_WEAK = YES;
				CLANG_WARN_BLOCK_CAPTURE_AUTORELEASING = YES;
				CLANG_WARN_BOOL_CONVERSION = YES;
				CLANG_WARN_COMMA = YES;
				CLANG_WARN_CONSTANT_CONVERSION = YES;
				CLANG_WARN_DEPRECATED_OBJC_IMPLEMENTATIONS = YES;
				CLANG_WARN_DIRECT_OBJC_ISA_USAGE = YES_ERROR;
				CLANG_WARN_DOCUMENTATION_COMMENTS = YES;
				CLANG_WARN_EMPTY_BODY = YES;
				CLANG_WARN_ENUM_CONVERSION = YES;
				CLANG_WARN_INFINITE_RECURSION = YES;
				CLANG_WARN_INT_CONVERSION = YES;
				CLANG_WARN_NON_LITERAL_NULL_CONVERSION = YES;
				CLANG_WARN_OBJC_IMPLICIT_RETAIN_SELF = YES;
				CLANG_WARN_OBJC_LITERAL_CONVERSION = YES;
				CLANG_WARN_OBJC_ROOT_CLASS = YES_ERROR;
				CLANG_WARN_RANGE_LOOP_ANALYSIS = YES;
				CLANG_WARN_STRICT_PROTOTYPES = YES;
				CLANG_WARN_SUSPICIOUS_MOVE = YES;
				CLANG_WARN_UNGUARDED_AVAILABILITY = YES_AGGRESSIVE;
				CLANG_WARN_UNREACHABLE_CODE = YES;
				CLANG_WARN__DUPLICATE_METHOD_MATCH = YES;
				COPY_PHASE_STRIP = NO;
				DEBUG_INFORMATION_FORMAT = dwarf;
				ENABLE_STRICT_OBJC_MSGSEND = YES;
				ENABLE_TESTABILITY = YES;
				GCC_C_LANGUAGE_STANDARD = gnu11;
				GCC_DYNAMIC_NO_PIC = NO;
				GCC_NO_COMMON_BLOCKS = YES;
				GCC_OPTIMIZATION_LEVEL = 0;
				GCC_PREPROCESSOR_DEFINITIONS = (
					"DEBUG=1",
					"$(inherited)",
				);
				GCC_WARN_64_TO_32_BIT_CONVERSION = YES;
				GCC_WARN_ABOUT_RETURN_TYPE = YES_ERROR;
				GCC_WARN_UNDECLARED_SELECTOR = YES;
				GCC_WARN_UNINITIALIZED_AUTOS = YES_AGGRESSIVE;
				GCC_WARN_UNUSED_FUNCTION = YES;
				GCC_WARN_UNUSED_VARIABLE = YES;
				IPHONEOS_DEPLOYMENT_TARGET = 13.2;
				MTL_ENABLE_DEBUG_INFO = INCLUDE_SOURCE;
				MTL_FAST_MATH = YES;
				ONLY_ACTIVE_ARCH = YES;
				SDKROOT = iphoneos;
				SWIFT_ACTIVE_COMPILATION_CONDITIONS = DEBUG;
				SWIFT_OPTIMIZATION_LEVEL = "-Onone";
			};
			name = Debug;
		};
		55B1087C2400152F004BD7E0 /* Release */ = {
			isa = XCBuildConfiguration;
			buildSettings = {
				ALWAYS_SEARCH_USER_PATHS = NO;
				CLANG_ANALYZER_NONNULL = YES;
				CLANG_ANALYZER_NUMBER_OBJECT_CONVERSION = YES_AGGRESSIVE;
				CLANG_CXX_LANGUAGE_STANDARD = "gnu++14";
				CLANG_CXX_LIBRARY = "libc++";
				CLANG_ENABLE_MODULES = YES;
				CLANG_ENABLE_OBJC_ARC = YES;
				CLANG_ENABLE_OBJC_WEAK = YES;
				CLANG_WARN_BLOCK_CAPTURE_AUTORELEASING = YES;
				CLANG_WARN_BOOL_CONVERSION = YES;
				CLANG_WARN_COMMA = YES;
				CLANG_WARN_CONSTANT_CONVERSION = YES;
				CLANG_WARN_DEPRECATED_OBJC_IMPLEMENTATIONS = YES;
				CLANG_WARN_DIRECT_OBJC_ISA_USAGE = YES_ERROR;
				CLANG_WARN_DOCUMENTATION_COMMENTS = YES;
				CLANG_WARN_EMPTY_BODY = YES;
				CLANG_WARN_ENUM_CONVERSION = YES;
				CLANG_WARN_INFINITE_RECURSION = YES;
				CLANG_WARN_INT_CONVERSION = YES;
				CLANG_WARN_NON_LITERAL_NULL_CONVERSION = YES;
				CLANG_WARN_OBJC_IMPLICIT_RETAIN_SELF = YES;
				CLANG_WARN_OBJC_LITERAL_CONVERSION = YES;
				CLANG_WARN_OBJC_ROOT_CLASS = YES_ERROR;
				CLANG_WARN_RANGE_LOOP_ANALYSIS = YES;
				CLANG_WARN_STRICT_PROTOTYPES = YES;
				CLANG_WARN_SUSPICIOUS_MOVE = YES;
				CLANG_WARN_UNGUARDED_AVAILABILITY = YES_AGGRESSIVE;
				CLANG_WARN_UNREACHABLE_CODE = YES;
				CLANG_WARN__DUPLICATE_METHOD_MATCH = YES;
				COPY_PHASE_STRIP = NO;
				DEBUG_INFORMATION_FORMAT = "dwarf-with-dsym";
				ENABLE_NS_ASSERTIONS = NO;
				ENABLE_STRICT_OBJC_MSGSEND = YES;
				GCC_C_LANGUAGE_STANDARD = gnu11;
				GCC_NO_COMMON_BLOCKS = YES;
				GCC_WARN_64_TO_32_BIT_CONVERSION = YES;
				GCC_WARN_ABOUT_RETURN_TYPE = YES_ERROR;
				GCC_WARN_UNDECLARED_SELECTOR = YES;
				GCC_WARN_UNINITIALIZED_AUTOS = YES_AGGRESSIVE;
				GCC_WARN_UNUSED_FUNCTION = YES;
				GCC_WARN_UNUSED_VARIABLE = YES;
				IPHONEOS_DEPLOYMENT_TARGET = 13.2;
				MTL_ENABLE_DEBUG_INFO = NO;
				MTL_FAST_MATH = YES;
				SDKROOT = iphoneos;
				SWIFT_COMPILATION_MODE = wholemodule;
				SWIFT_OPTIMIZATION_LEVEL = "-O";
				VALIDATE_PRODUCT = YES;
			};
			name = Release;
		};
		55B1087E2400152F004BD7E0 /* Debug */ = {
			isa = XCBuildConfiguration;
			buildSettings = {
				ASSETCATALOG_COMPILER_APPICON_NAME = AppIcon;
				CODE_SIGN_STYLE = Automatic;
				INFOPLIST_FILE = VirusViewer/Info.plist;
				LD_RUNPATH_SEARCH_PATHS = (
					"$(inherited)",
					"@executable_path/Frameworks",
				);
				PRODUCT_BUNDLE_IDENTIFIER = mx.unam.VirusViewer;
				PRODUCT_NAME = "$(TARGET_NAME)";
				SWIFT_VERSION = 5.0;
				TARGETED_DEVICE_FAMILY = "1,2";
			};
			name = Debug;
		};
		55B1087F2400152F004BD7E0 /* Release */ = {
			isa = XCBuildConfiguration;
			buildSettings = {
				ASSETCATALOG_COMPILER_APPICON_NAME = AppIcon;
				CODE_SIGN_STYLE = Automatic;
				INFOPLIST_FILE = VirusViewer/Info.plist;
				LD_RUNPATH_SEARCH_PATHS = (
					"$(inherited)",
					"@executable_path/Frameworks",
				);
				PRODUCT_BUNDLE_IDENTIFIER = mx.unam.VirusViewer;
				PRODUCT_NAME = "$(TARGET_NAME)";
				SWIFT_VERSION = 5.0;
				TARGETED_DEVICE_FAMILY = "1,2";
			};
			name = Release;
		};
/* End XCBuildConfiguration section */

/* Begin XCConfigurationList section */
		55B108642400152D004BD7E0 /* Build configuration list for PBXProject "VirusViewer" */ = {
			isa = XCConfigurationList;
			buildConfigurations = (
				55B1087B2400152F004BD7E0 /* Debug */,
				55B1087C2400152F004BD7E0 /* Release */,
			);
			defaultConfigurationIsVisible = 0;
			defaultConfigurationName = Release;
		};
		55B1087D2400152F004BD7E0 /* Build configuration list for PBXNativeTarget "VirusViewer" */ = {
			isa = XCConfigurationList;
			buildConfigurations = (
				55B1087E2400152F004BD7E0 /* Debug */,
				55B1087F2400152F004BD7E0 /* Release */,
			);
			defaultConfigurationIsVisible = 0;
			defaultConfigurationName = Release;
		};
/* End XCConfigurationList section */
	};
	rootObject = 55B108612400152D004BD7E0 /* Project object */;
}
