// !$*UTF8*$!
{
	archiveVersion = 1;
	classes = {
	};
	objectVersion = 50;
	objects = {

/* Begin PBXBuildFile section */
		55317B8920AA2A71008E247F /* AppDelegate.swift in Sources */ = {isa = PBXBuildFile; fileRef = 55317B8820AA2A71008E247F /* AppDelegate.swift */; };
		55317B8B20AA2A71008E247F /* ViewController.swift in Sources */ = {isa = PBXBuildFile; fileRef = 55317B8A20AA2A71008E247F /* ViewController.swift */; };
		55317B8E20AA2A71008E247F /* Main.storyboard in Resources */ = {isa = PBXBuildFile; fileRef = 55317B8C20AA2A71008E247F /* Main.storyboard */; };
		55317B9020AA2A75008E247F /* Assets.xcassets in Resources */ = {isa = PBXBuildFile; fileRef = 55317B8F20AA2A75008E247F /* Assets.xcassets */; };
		55317B9320AA2A75008E247F /* LaunchScreen.storyboard in Resources */ = {isa = PBXBuildFile; fileRef = 55317B9120AA2A75008E247F /* LaunchScreen.storyboard */; };
		55317B9B20AA2C10008E247F /* LogoDownloaderDelegate.swift in Sources */ = {isa = PBXBuildFile; fileRef = 55317B9A20AA2C10008E247F /* LogoDownloaderDelegate.swift */; };
		55317B9D20AA2C70008E247F /* LogoDownloader.swift in Sources */ = {isa = PBXBuildFile; fileRef = 55317B9C20AA2C70008E247F /* LogoDownloader.swift */; };
		55317B9F20AA3831008E247F /* Default-568h@2x.png in Resources */ = {isa = PBXBuildFile; fileRef = 55317B9E20AA3831008E247F /* Default-568h@2x.png */; };
/* End PBXBuildFile section */

/* Begin PBXFileReference section */
		55317B8520AA2A71008E247F /* delegadosEjem2.app */ = {isa = PBXFileReference; explicitFileType = wrapper.application; includeInIndex = 0; path = delegadosEjem2.app; sourceTree = BUILT_PRODUCTS_DIR; };
		55317B8820AA2A71008E247F /* AppDelegate.swift */ = {isa = PBXFileReference; lastKnownFileType = sourcecode.swift; path = AppDelegate.swift; sourceTree = "<group>"; };
		55317B8A20AA2A71008E247F /* ViewController.swift */ = {isa = PBXFileReference; lastKnownFileType = sourcecode.swift; path = ViewController.swift; sourceTree = "<group>"; };
		55317B8D20AA2A71008E247F /* Base */ = {isa = PBXFileReference; lastKnownFileType = file.storyboard; name = Base; path = Base.lproj/Main.storyboard; sourceTree = "<group>"; };
		55317B8F20AA2A75008E247F /* Assets.xcassets */ = {isa = PBXFileReference; lastKnownFileType = folder.assetcatalog; path = Assets.xcassets; sourceTree = "<group>"; };
		55317B9220AA2A75008E247F /* Base */ = {isa = PBXFileReference; lastKnownFileType = file.storyboard; name = Base; path = Base.lproj/LaunchScreen.storyboard; sourceTree = "<group>"; };
		55317B9420AA2A75008E247F /* Info.plist */ = {isa = PBXFileReference; lastKnownFileType = text.plist.xml; path = Info.plist; sourceTree = "<group>"; };
		55317B9A20AA2C10008E247F /* LogoDownloaderDelegate.swift */ = {isa = PBXFileReference; lastKnownFileType = sourcecode.swift; path = LogoDownloaderDelegate.swift; sourceTree = "<group>"; };
		55317B9C20AA2C70008E247F /* LogoDownloader.swift */ = {isa = PBXFileReference; lastKnownFileType = sourcecode.swift; path = LogoDownloader.swift; sourceTree = "<group>"; };
		55317B9E20AA3831008E247F /* Default-568h@2x.png */ = {isa = PBXFileReference; lastKnownFileType = image.png; path = "Default-568h@2x.png"; sourceTree = "<group>"; };
/* End PBXFileReference section */

/* Begin PBXFrameworksBuildPhase section */
		55317B8220AA2A71008E247F /* Frameworks */ = {
			isa = PBXFrameworksBuildPhase;
			buildActionMask = 2147483647;
			files = (
			);
			runOnlyForDeploymentPostprocessing = 0;
		};
/* End PBXFrameworksBuildPhase section */

/* Begin PBXGroup section */
		55317B7C20AA2A71008E247F = {
			isa = PBXGroup;
			children = (
				55317B9E20AA3831008E247F /* Default-568h@2x.png */,
				55317B8720AA2A71008E247F /* delegadosEjem2 */,
				55317B8620AA2A71008E247F /* Products */,
			);
			sourceTree = "<group>";
		};
		55317B8620AA2A71008E247F /* Products */ = {
			isa = PBXGroup;
			children = (
				55317B8520AA2A71008E247F /* delegadosEjem2.app */,
			);
			name = Products;
			sourceTree = "<group>";
		};
		55317B8720AA2A71008E247F /* delegadosEjem2 */ = {
			isa = PBXGroup;
			children = (
				55317B8820AA2A71008E247F /* AppDelegate.swift */,
				55317B8A20AA2A71008E247F /* ViewController.swift */,
				55317B9A20AA2C10008E247F /* LogoDownloaderDelegate.swift */,
				55317B9C20AA2C70008E247F /* LogoDownloader.swift */,
				55317B8C20AA2A71008E247F /* Main.storyboard */,
				55317B8F20AA2A75008E247F /* Assets.xcassets */,
				55317B9120AA2A75008E247F /* LaunchScreen.storyboard */,
				55317B9420AA2A75008E247F /* Info.plist */,
			);
			path = delegadosEjem2;
			sourceTree = "<group>";
		};
/* End PBXGroup section */

/* Begin PBXNativeTarget section */
		55317B8420AA2A71008E247F /* delegadosEjem2 */ = {
			isa = PBXNativeTarget;
			buildConfigurationList = 55317B9720AA2A75008E247F /* Build configuration list for PBXNativeTarget "delegadosEjem2" */;
			buildPhases = (
				55317B8120AA2A71008E247F /* Sources */,
				55317B8220AA2A71008E247F /* Frameworks */,
				55317B8320AA2A71008E247F /* Resources */,
			);
			buildRules = (
			);
			dependencies = (
			);
			name = delegadosEjem2;
			productName = delegadosEjem1;
			productReference = 55317B8520AA2A71008E247F /* delegadosEjem2.app */;
			productType = "com.apple.product-type.application";
		};
/* End PBXNativeTarget section */

/* Begin PBXProject section */
		55317B7D20AA2A71008E247F /* Project object */ = {
			isa = PBXProject;
			attributes = {
				LastSwiftUpdateCheck = 0930;
				LastUpgradeCheck = 0930;
				ORGANIZATIONNAME = markmota;
				TargetAttributes = {
					55317B8420AA2A71008E247F = {
						CreatedOnToolsVersion = 9.3.1;
						LastSwiftMigration = 1140;
					};
				};
			};
			buildConfigurationList = 55317B8020AA2A71008E247F /* Build configuration list for PBXProject "delegadosEjem2" */;
			compatibilityVersion = "Xcode 9.3";
			developmentRegion = en;
			hasScannedForEncodings = 0;
			knownRegions = (
				en,
				Base,
			);
			mainGroup = 55317B7C20AA2A71008E247F;
			productRefGroup = 55317B8620AA2A71008E247F /* Products */;
			projectDirPath = "";
			projectRoot = "";
			targets = (
				55317B8420AA2A71008E247F /* delegadosEjem2 */,
			);
		};
/* End PBXProject section */

/* Begin PBXResourcesBuildPhase section */
		55317B8320AA2A71008E247F /* Resources */ = {
			isa = PBXResourcesBuildPhase;
			buildActionMask = 2147483647;
			files = (
				55317B9320AA2A75008E247F /* LaunchScreen.storyboard in Resources */,
				55317B9F20AA3831008E247F /* Default-568h@2x.png in Resources */,
				55317B9020AA2A75008E247F /* Assets.xcassets in Resources */,
				55317B8E20AA2A71008E247F /* Main.storyboard in Resources */,
			);
			runOnlyForDeploymentPostprocessing = 0;
		};
/* End PBXResourcesBuildPhase section */

/* Begin PBXSourcesBuildPhase section */
		55317B8120AA2A71008E247F /* Sources */ = {
			isa = PBXSourcesBuildPhase;
			buildActionMask = 2147483647;
			files = (
				55317B8B20AA2A71008E247F /* ViewController.swift in Sources */,
				55317B8920AA2A71008E247F /* AppDelegate.swift in Sources */,
				55317B9B20AA2C10008E247F /* LogoDownloaderDelegate.swift in Sources */,
				55317B9D20AA2C70008E247F /* LogoDownloader.swift in Sources */,
			);
			runOnlyForDeploymentPostprocessing = 0;
		};
/* End PBXSourcesBuildPhase section */

/* Begin PBXVariantGroup section */
		55317B8C20AA2A71008E247F /* Main.storyboard */ = {
			isa = PBXVariantGroup;
			children = (
				55317B8D20AA2A71008E247F /* Base */,
			);
			name = Main.storyboard;
			sourceTree = "<group>";
		};
		55317B9120AA2A75008E247F /* LaunchScreen.storyboard */ = {
			isa = PBXVariantGroup;
			children = (
				55317B9220AA2A75008E247F /* Base */,
			);
			name = LaunchScreen.storyboard;
			sourceTree = "<group>";
		};
/* End PBXVariantGroup section */

/* Begin XCBuildConfiguration section */
		55317B9520AA2A75008E247F /* Debug */ = {
			isa = XCBuildConfiguration;
			buildSettings = {
				ALWAYS_SEARCH_USER_PATHS = NO;
				CLANG_ANALYZER_NONNULL = YES;
				CLANG_ANALYZER_NUMBER_OBJECT_CONVERSION = YES_AGGRESSIVE;
				CLANG_CXX_LANGUAGE_STANDARD = "gnu++14";
				CLANG_CXX_LIBRARY = "libc++";
				CLANG_ENABLE_MODULES = YES;
				CLANG_ENABLE_OBJC_ARC = YES;
				CLANG_ENABLE_OBJC_WEAK = YES;
				CLANG_WARN_BLOCK_CAPTURE_AUTORELEASING = YES;
				CLANG_WARN_BOOL_CONVERSION = YES;
				CLANG_WARN_COMMA = YES;
				CLANG_WARN_CONSTANT_CONVERSION = YES;
				CLANG_WARN_DEPRECATED_OBJC_IMPLEMENTATIONS = YES;
				CLANG_WARN_DIRECT_OBJC_ISA_USAGE = YES_ERROR;
				CLANG_WARN_DOCUMENTATION_COMMENTS = YES;
				CLANG_WARN_EMPTY_BODY = YES;
				CLANG_WARN_ENUM_CONVERSION = YES;
				CLANG_WARN_INFINITE_RECURSION = YES;
				CLANG_WARN_INT_CONVERSION = YES;
				CLANG_WARN_NON_LITERAL_NULL_CONVERSION = YES;
				CLANG_WARN_OBJC_IMPLICIT_RETAIN_SELF = YES;
				CLANG_WARN_OBJC_LITERAL_CONVERSION = YES;
				CLANG_WARN_OBJC_ROOT_CLASS = YES_ERROR;
				CLANG_WARN_RANGE_LOOP_ANALYSIS = YES;
				CLANG_WARN_STRICT_PROTOTYPES = YES;
				CLANG_WARN_SUSPICIOUS_MOVE = YES;
				CLANG_WARN_UNGUARDED_AVAILABILITY = YES_AGGRESSIVE;
				CLANG_WARN_UNREACHABLE_CODE = YES;
				CLANG_WARN__DUPLICATE_METHOD_MATCH = YES;
				CODE_SIGN_IDENTITY = "iPhone Developer";
				COPY_PHASE_STRIP = NO;
				DEBUG_INFORMATION_FORMAT = dwarf;
				ENABLE_STRICT_OBJC_MSGSEND = YES;
				ENABLE_TESTABILITY = YES;
				GCC_C_LANGUAGE_STANDARD = gnu11;
				GCC_DYNAMIC_NO_PIC = NO;
				GCC_NO_COMMON_BLOCKS = YES;
				GCC_OPTIMIZATION_LEVEL = 0;
				GCC_PREPROCESSOR_DEFINITIONS = (
					"DEBUG=1",
					"$(inherited)",
				);
				GCC_WARN_64_TO_32_BIT_CONVERSION = YES;
				GCC_WARN_ABOUT_RETURN_TYPE = YES_ERROR;
				GCC_WARN_UNDECLARED_SELECTOR = YES;
				GCC_WARN_UNINITIALIZED_AUTOS = YES_AGGRESSIVE;
				GCC_WARN_UNUSED_FUNCTION = YES;
				GCC_WARN_UNUSED_VARIABLE = YES;
				IPHONEOS_DEPLOYMENT_TARGET = 11.3;
				MTL_ENABLE_DEBUG_INFO = YES;
				ONLY_ACTIVE_ARCH = YES;
				SDKROOT = iphoneos;
				SWIFT_ACTIVE_COMPILATION_CONDITIONS = DEBUG;
				SWIFT_OPTIMIZATION_LEVEL = "-Onone";
			};
			name = Debug;
		};
		55317B9620AA2A75008E247F /* Release */ = {
			isa = XCBuildConfiguration;
			buildSettings = {
				ALWAYS_SEARCH_USER_PATHS = NO;
				CLANG_ANALYZER_NONNULL = YES;
				CLANG_ANALYZER_NUMBER_OBJECT_CONVERSION = YES_AGGRESSIVE;
				CLANG_CXX_LANGUAGE_STANDARD = "gnu++14";
				CLANG_CXX_LIBRARY = "libc++";
				CLANG_ENABLE_MODULES = YES;
				CLANG_ENABLE_OBJC_ARC = YES;
				CLANG_ENABLE_OBJC_WEAK = YES;
				CLANG_WARN_BLOCK_CAPTURE_AUTORELEASING = YES;
				CLANG_WARN_BOOL_CONVERSION = YES;
				CLANG_WARN_COMMA = YES;
				CLANG_WARN_CONSTANT_CONVERSION = YES;
				CLANG_WARN_DEPRECATED_OBJC_IMPLEMENTATIONS = YES;
				CLANG_WARN_DIRECT_OBJC_ISA_USAGE = YES_ERROR;
				CLANG_WARN_DOCUMENTATION_COMMENTS = YES;
				CLANG_WARN_EMPTY_BODY = YES;
				CLANG_WARN_ENUM_CONVERSION = YES;
				CLANG_WARN_INFINITE_RECURSION = YES;
				CLANG_WARN_INT_CONVERSION = YES;
				CLANG_WARN_NON_LITERAL_NULL_CONVERSION = YES;
				CLANG_WARN_OBJC_IMPLICIT_RETAIN_SELF = YES;
				CLANG_WARN_OBJC_LITERAL_CONVERSION = YES;
				CLANG_WARN_OBJC_ROOT_CLASS = YES_ERROR;
				CLANG_WARN_RANGE_LOOP_ANALYSIS = YES;
				CLANG_WARN_STRICT_PROTOTYPES = YES;
				CLANG_WARN_SUSPICIOUS_MOVE = YES;
				CLANG_WARN_UNGUARDED_AVAILABILITY = YES_AGGRESSIVE;
				CLANG_WARN_UNREACHABLE_CODE = YES;
				CLANG_WARN__DUPLICATE_METHOD_MATCH = YES;
				CODE_SIGN_IDENTITY = "iPhone Developer";
				COPY_PHASE_STRIP = NO;
				DEBUG_INFORMATION_FORMAT = "dwarf-with-dsym";
				ENABLE_NS_ASSERTIONS = NO;
				ENABLE_STRICT_OBJC_MSGSEND = YES;
				GCC_C_LANGUAGE_STANDARD = gnu11;
				GCC_NO_COMMON_BLOCKS = YES;
				GCC_WARN_64_TO_32_BIT_CONVERSION = YES;
				GCC_WARN_ABOUT_RETURN_TYPE = YES_ERROR;
				GCC_WARN_UNDECLARED_SELECTOR = YES;
				GCC_WARN_UNINITIALIZED_AUTOS = YES_AGGRESSIVE;
				GCC_WARN_UNUSED_FUNCTION = YES;
				GCC_WARN_UNUSED_VARIABLE = YES;
				IPHONEOS_DEPLOYMENT_TARGET = 11.3;
				MTL_ENABLE_DEBUG_INFO = NO;
				SDKROOT = iphoneos;
				SWIFT_COMPILATION_MODE = wholemodule;
				SWIFT_OPTIMIZATION_LEVEL = "-O";
				VALIDATE_PRODUCT = YES;
			};
			name = Release;
		};
		55317B9820AA2A75008E247F /* Debug */ = {
			isa = XCBuildConfiguration;
			buildSettings = {
				ASSETCATALOG_COMPILER_APPICON_NAME = AppIcon;
				CODE_SIGN_STYLE = Automatic;
				DEVELOPMENT_TEAM = 277JQ5FG9P;
				INFOPLIST_FILE = "$(SRCROOT)/delegadosEjem2/Info.plist";
				LD_RUNPATH_SEARCH_PATHS = (
					"$(inherited)",
					"@executable_path/Frameworks",
				);
				PRODUCT_BUNDLE_IDENTIFIER = tk.markmota.delegadosEjem1;
				PRODUCT_NAME = "$(TARGET_NAME)";
				SWIFT_VERSION = 5.0;
				TARGETED_DEVICE_FAMILY = "1,2";
			};
			name = Debug;
		};
		55317B9920AA2A75008E247F /* Release */ = {
			isa = XCBuildConfiguration;
			buildSettings = {
				ASSETCATALOG_COMPILER_APPICON_NAME = AppIcon;
				CODE_SIGN_STYLE = Automatic;
				DEVELOPMENT_TEAM = 277JQ5FG9P;
				INFOPLIST_FILE = "$(SRCROOT)/delegadosEjem2/Info.plist";
				LD_RUNPATH_SEARCH_PATHS = (
					"$(inherited)",
					"@executable_path/Frameworks",
				);
				PRODUCT_BUNDLE_IDENTIFIER = tk.markmota.delegadosEjem1;
				PRODUCT_NAME = "$(TARGET_NAME)";
				SWIFT_VERSION = 5.0;
				TARGETED_DEVICE_FAMILY = "1,2";
			};
			name = Release;
		};
/* End XCBuildConfiguration section */

/* Begin XCConfigurationList section */
		55317B8020AA2A71008E247F /* Build configuration list for PBXProject "delegadosEjem2" */ = {
			isa = XCConfigurationList;
			buildConfigurations = (
				55317B9520AA2A75008E247F /* Debug */,
				55317B9620AA2A75008E247F /* Release */,
			);
			defaultConfigurationIsVisible = 0;
			defaultConfigurationName = Release;
		};
		55317B9720AA2A75008E247F /* Build configuration list for PBXNativeTarget "delegadosEjem2" */ = {
			isa = XCConfigurationList;
			buildConfigurations = (
				55317B9820AA2A75008E247F /* Debug */,
				55317B9920AA2A75008E247F /* Release */,
			);
			defaultConfigurationIsVisible = 0;
			defaultConfigurationName = Release;
		};
/* End XCConfigurationList section */
	};
	rootObject = 55317B7D20AA2A71008E247F /* Project object */;
}
